
Microsoft Visual Studio Solution File, Format Version 12.00
# Visual Studio 2015
Project("{FAE04EC0-301F-11D3-BF4B-00C04F79EFBC}") = "ThisWorks", "ThisWorks.csproj", "{A683AA67-4A53-C56E-FE61-1276F46689EB}"
EndProject
Global
	GlobalSection(SolutionConfigurationPlatforms) = preSolution
		Debug|Any CPU = Debug|Any CPU
		Release|Any CPU = Release|Any CPU
	EndGlobalSection
	GlobalSection(ProjectConfigurationPlatforms) = postSolution
		{A683AA67-4A53-C56E-FE61-1276F46689EB}.Debug|Any CPU.ActiveCfg = Debug|Any CPU
		{A683AA67-4A53-C56E-FE61-1276F46689EB}.Debug|Any CPU.Build.0 = Debug|Any CPU
		{A683AA67-4A53-C56E-FE61-1276F46689EB}.Release|Any CPU.ActiveCfg = Release|Any CPU
		{A683AA67-4A53-C56E-FE61-1276F46689EB}.Release|Any CPU.Build.0 = Release|Any CPU
	EndGlobalSection
	GlobalSection(SolutionProperties) = preSolution
		HideSolutionNode = FALSE
	EndGlobalSection
EndGlobal
